
Microsoft Visual Studio Solution File, Format Version 12.00
# Visual Studio Version 17
VisualStudioVersion = 17.3.32825.248
MinimumVisualStudioVersion = 10.0.40219.1
Project("{FAE04EC0-301F-11D3-BF4B-00C04F79EFBC}") = "if statements project 5", "if statements project 5.csproj", "{1E1199EE-E428-4ED3-B0F5-F311DF1E2580}"
EndProject
Global
	GlobalSection(SolutionConfigurationPlatforms) = preSolution
		Debug|Any CPU = Debug|Any CPU
		Release|Any CPU = Release|Any CPU
	EndGlobalSection
	GlobalSection(ProjectConfigurationPlatforms) = postSolution
		{1E1199EE-E428-4ED3-B0F5-F311DF1E2580}.Debug|Any CPU.ActiveCfg = Debug|Any CPU
		{1E1199EE-E428-4ED3-B0F5-F311DF1E2580}.Debug|Any CPU.Build.0 = Debug|Any CPU
		{1E1199EE-E428-4ED3-B0F5-F311DF1E2580}.Release|Any CPU.ActiveCfg = Release|Any CPU
		{1E1199EE-E428-4ED3-B0F5-F311DF1E2580}.Release|Any CPU.Build.0 = Release|Any CPU
	EndGlobalSection
	GlobalSection(SolutionProperties) = preSolution
		HideSolutionNode = FALSE
	EndGlobalSection
	GlobalSection(ExtensibilityGlobals) = postSolution
		SolutionGuid = {D55420B6-ACF5-45DA-AE4E-82DD8A00456A}
	EndGlobalSection
EndGlobal
